// !$*UTF8*$!
{
	archiveVersion = 1;
	classes = {
	};
	objectVersion = 46;
	objects = {

/* Begin PBXBuildFile section */
		63D95E541BD4CB0F00CD83AF /* main.m in Sources */ = {isa = PBXBuildFile; fileRef = 63D95E531BD4CB0F00CD83AF /* main.m */; };
		63D95E571BD4CB0F00CD83AF /* AppDelegate.m in Sources */ = {isa = PBXBuildFile; fileRef = 63D95E561BD4CB0F00CD83AF /* AppDelegate.m */; };
		63D95E5F1BD4CB0F00CD83AF /* Assets.xcassets in Resources */ = {isa = PBXBuildFile; fileRef = 63D95E5E1BD4CB0F00CD83AF /* Assets.xcassets */; };
		63F5AD951BD6D7DF005F6BDD /* ToDoItem.m in Sources */ = {isa = PBXBuildFile; fileRef = 63F5AD941BD6D7DF005F6BDD /* ToDoItem.m */; settings = {ASSET_TAGS = (); }; };
		63F5AD9D1BD6EB25005F6BDD /* ListViewController.m in Sources */ = {isa = PBXBuildFile; fileRef = 63F5AD9C1BD6EB25005F6BDD /* ListViewController.m */; settings = {ASSET_TAGS = (); }; };
		63F5ADA31BD6EF16005F6BDD /* addItemViewController.m in Sources */ = {isa = PBXBuildFile; fileRef = 63F5ADA21BD6EF16005F6BDD /* addItemViewController.m */; settings = {ASSET_TAGS = (); }; };
/* End PBXBuildFile section */

/* Begin PBXFileReference section */
		63D95E4F1BD4CB0F00CD83AF /* ToDoList_programatically.app */ = {isa = PBXFileReference; explicitFileType = wrapper.application; includeInIndex = 0; path = ToDoList_programatically.app; sourceTree = BUILT_PRODUCTS_DIR; };
		63D95E531BD4CB0F00CD83AF /* main.m */ = {isa = PBXFileReference; lastKnownFileType = sourcecode.c.objc; path = main.m; sourceTree = "<group>"; };
		63D95E551BD4CB0F00CD83AF /* AppDelegate.h */ = {isa = PBXFileReference; lastKnownFileType = sourcecode.c.h; path = AppDelegate.h; sourceTree = "<group>"; };
		63D95E561BD4CB0F00CD83AF /* AppDelegate.m */ = {isa = PBXFileReference; lastKnownFileType = sourcecode.c.objc; path = AppDelegate.m; sourceTree = "<group>"; };
		63D95E5E1BD4CB0F00CD83AF /* Assets.xcassets */ = {isa = PBXFileReference; lastKnownFileType = folder.assetcatalog; path = Assets.xcassets; sourceTree = "<group>"; };
		63D95E631BD4CB0F00CD83AF /* Info.plist */ = {isa = PBXFileReference; lastKnownFileType = text.plist.xml; path = Info.plist; sourceTree = "<group>"; };
		63F5AD931BD6D7DF005F6BDD /* ToDoItem.h */ = {isa = PBXFileReference; fileEncoding = 4; lastKnownFileType = sourcecode.c.h; path = ToDoItem.h; sourceTree = "<group>"; };
		63F5AD941BD6D7DF005F6BDD /* ToDoItem.m */ = {isa = PBXFileReference; fileEncoding = 4; lastKnownFileType = sourcecode.c.objc; path = ToDoItem.m; sourceTree = "<group>"; };
		63F5AD9B1BD6EB25005F6BDD /* ListViewController.h */ = {isa = PBXFileReference; fileEncoding = 4; lastKnownFileType = sourcecode.c.h; path = ListViewController.h; sourceTree = "<group>"; };
		63F5AD9C1BD6EB25005F6BDD /* ListViewController.m */ = {isa = PBXFileReference; fileEncoding = 4; lastKnownFileType = sourcecode.c.objc; path = ListViewController.m; sourceTree = "<group>"; };
		63F5ADA11BD6EF16005F6BDD /* addItemViewController.h */ = {isa = PBXFileReference; fileEncoding = 4; lastKnownFileType = sourcecode.c.h; path = addItemViewController.h; sourceTree = "<group>"; };
		63F5ADA21BD6EF16005F6BDD /* addItemViewController.m */ = {isa = PBXFileReference; fileEncoding = 4; lastKnownFileType = sourcecode.c.objc; path = addItemViewController.m; sourceTree = "<group>"; };
/* End PBXFileReference section */

/* Begin PBXFrameworksBuildPhase section */
		63D95E4C1BD4CB0F00CD83AF /* Frameworks */ = {
			isa = PBXFrameworksBuildPhase;
			buildActionMask = 2147483647;
			files = (
			);
			runOnlyForDeploymentPostprocessing = 0;
		};
/* End PBXFrameworksBuildPhase section */

/* Begin PBXGroup section */
		63D95E461BD4CB0F00CD83AF = {
			isa = PBXGroup;
			children = (
				63D95E511BD4CB0F00CD83AF /* ToDoList_programatically */,
				63D95E501BD4CB0F00CD83AF /* Products */,
			);
			sourceTree = "<group>";
		};
		63D95E501BD4CB0F00CD83AF /* Products */ = {
			isa = PBXGroup;
			children = (
				63D95E4F1BD4CB0F00CD83AF /* ToDoList_programatically.app */,
			);
			name = Products;
			sourceTree = "<group>";
		};
		63D95E511BD4CB0F00CD83AF /* ToDoList_programatically */ = {
			isa = PBXGroup;
			children = (
				63D95E551BD4CB0F00CD83AF /* AppDelegate.h */,
				63D95E561BD4CB0F00CD83AF /* AppDelegate.m */,
				63D95E5E1BD4CB0F00CD83AF /* Assets.xcassets */,
				63D95E631BD4CB0F00CD83AF /* Info.plist */,
				63D95E521BD4CB0F00CD83AF /* Supporting Files */,
				63F5AD931BD6D7DF005F6BDD /* ToDoItem.h */,
				63F5AD941BD6D7DF005F6BDD /* ToDoItem.m */,
				63F5AD9B1BD6EB25005F6BDD /* ListViewController.h */,
				63F5AD9C1BD6EB25005F6BDD /* ListViewController.m */,
				63F5ADA11BD6EF16005F6BDD /* addItemViewController.h */,
				63F5ADA21BD6EF16005F6BDD /* addItemViewController.m */,
			);
			path = ToDoList_programatically;
			sourceTree = "<group>";
		};
		63D95E521BD4CB0F00CD83AF /* Supporting Files */ = {
			isa = PBXGroup;
			children = (
				63D95E531BD4CB0F00CD83AF /* main.m */,
			);
			name = "Supporting Files";
			sourceTree = "<group>";
		};
/* End PBXGroup section */

/* Begin PBXNativeTarget section */
		63D95E4E1BD4CB0F00CD83AF /* ToDoList_programatically */ = {
			isa = PBXNativeTarget;
			buildConfigurationList = 63D95E661BD4CB0F00CD83AF /* Build configuration list for PBXNativeTarget "ToDoList_programatically" */;
			buildPhases = (
				63D95E4B1BD4CB0F00CD83AF /* Sources */,
				63D95E4C1BD4CB0F00CD83AF /* Frameworks */,
				63D95E4D1BD4CB0F00CD83AF /* Resources */,
			);
			buildRules = (
			);
			dependencies = (
			);
			name = ToDoList_programatically;
			productName = ToDoList_programatically;
			productReference = 63D95E4F1BD4CB0F00CD83AF /* ToDoList_programatically.app */;
			productType = "com.apple.product-type.application";
		};
/* End PBXNativeTarget section */

/* Begin PBXProject section */
		63D95E471BD4CB0F00CD83AF /* Project object */ = {
			isa = PBXProject;
			attributes = {
				LastUpgradeCheck = 0700;
				ORGANIZATIONNAME = checkyh;
				TargetAttributes = {
					63D95E4E1BD4CB0F00CD83AF = {
						CreatedOnToolsVersion = 7.0.1;
					};
				};
			};
			buildConfigurationList = 63D95E4A1BD4CB0F00CD83AF /* Build configuration list for PBXProject "ToDoList_programatically" */;
			compatibilityVersion = "Xcode 3.2";
			developmentRegion = English;
			hasScannedForEncodings = 0;
			knownRegions = (
				en,
				Base,
			);
			mainGroup = 63D95E461BD4CB0F00CD83AF;
			productRefGroup = 63D95E501BD4CB0F00CD83AF /* Products */;
			projectDirPath = "";
			projectRoot = "";
			targets = (
				63D95E4E1BD4CB0F00CD83AF /* ToDoList_programatically */,
			);
		};
/* End PBXProject section */

/* Begin PBXResourcesBuildPhase section */
		63D95E4D1BD4CB0F00CD83AF /* Resources */ = {
			isa = PBXResourcesBuildPhase;
			buildActionMask = 2147483647;
			files = (
				63D95E5F1BD4CB0F00CD83AF /* Assets.xcassets in Resources */,
			);
			runOnlyForDeploymentPostprocessing = 0;
		};
/* End PBXResourcesBuildPhase section */

/* Begin PBXSourcesBuildPhase section */
		63D95E4B1BD4CB0F00CD83AF /* Sources */ = {
			isa = PBXSourcesBuildPhase;
			buildActionMask = 2147483647;
			files = (
				63F5AD951BD6D7DF005F6BDD /* ToDoItem.m in Sources */,
				63F5ADA31BD6EF16005F6BDD /* addItemViewController.m in Sources */,
				63D95E571BD4CB0F00CD83AF /* AppDelegate.m in Sources */,
				63F5AD9D1BD6EB25005F6BDD /* ListViewController.m in Sources */,
				63D95E541BD4CB0F00CD83AF /* main.m in Sources */,
			);
			runOnlyForDeploymentPostprocessing = 0;
		};
/* End PBXSourcesBuildPhase section */

/* Begin XCBuildConfiguration section */
		63D95E641BD4CB0F00CD83AF /* Debug */ = {
			isa = XCBuildConfiguration;
			buildSettings = {
				ALWAYS_SEARCH_USER_PATHS = NO;
				CLANG_CXX_LANGUAGE_STANDARD = "gnu++0x";
				CLANG_CXX_LIBRARY = "libc++";
				CLANG_ENABLE_MODULES = YES;
				CLANG_ENABLE_OBJC_ARC = YES;
				CLANG_WARN_BOOL_CONVERSION = YES;
				CLANG_WARN_CONSTANT_CONVERSION = YES;
				CLANG_WARN_DIRECT_OBJC_ISA_USAGE = YES_ERROR;
				CLANG_WARN_EMPTY_BODY = YES;
				CLANG_WARN_ENUM_CONVERSION = YES;
				CLANG_WARN_INT_CONVERSION = YES;
				CLANG_WARN_OBJC_ROOT_CLASS = YES_ERROR;
				CLANG_WARN_UNREACHABLE_CODE = YES;
				CLANG_WARN__DUPLICATE_METHOD_MATCH = YES;
				"CODE_SIGN_IDENTITY[sdk=iphoneos*]" = "iPhone Developer";
				COPY_PHASE_STRIP = NO;
				DEBUG_INFORMATION_FORMAT = dwarf;
				ENABLE_STRICT_OBJC_MSGSEND = YES;
				ENABLE_TESTABILITY = YES;
				GCC_C_LANGUAGE_STANDARD = gnu99;
				GCC_DYNAMIC_NO_PIC = NO;
				GCC_NO_COMMON_BLOCKS = YES;
				GCC_OPTIMIZATION_LEVEL = 0;
				GCC_PREPROCESSOR_DEFINITIONS = (
					"DEBUG=1",
					"$(inherited)",
				);
				GCC_WARN_64_TO_32_BIT_CONVERSION = YES;
				GCC_WARN_ABOUT_RETURN_TYPE = YES_ERROR;
				GCC_WARN_UNDECLARED_SELECTOR = YES;
				GCC_WARN_UNINITIALIZED_AUTOS = YES_AGGRESSIVE;
				GCC_WARN_UNUSED_FUNCTION = YES;
				GCC_WARN_UNUSED_VARIABLE = YES;
				IPHONEOS_DEPLOYMENT_TARGET = 9.0;
				MTL_ENABLE_DEBUG_INFO = YES;
				ONLY_ACTIVE_ARCH = YES;
				SDKROOT = iphoneos;
				TARGETED_DEVICE_FAMILY = "1,2";
			};
			name = Debug;
		};
		63D95E651BD4CB0F00CD83AF /* Release */ = {
			isa = XCBuildConfiguration;
			buildSettings = {
				ALWAYS_SEARCH_USER_PATHS = NO;
				CLANG_CXX_LANGUAGE_STANDARD = "gnu++0x";
				CLANG_CXX_LIBRARY = "libc++";
				CLANG_ENABLE_MODULES = YES;
				CLANG_ENABLE_OBJC_ARC = YES;
				CLANG_WARN_BOOL_CONVERSION = YES;
				CLANG_WARN_CONSTANT_CONVERSION = YES;
				CLANG_WARN_DIRECT_OBJC_ISA_USAGE = YES_ERROR;
				CLANG_WARN_EMPTY_BODY = YES;
				CLANG_WARN_ENUM_CONVERSION = YES;
				CLANG_WARN_INT_CONVERSION = YES;
				CLANG_WARN_OBJC_ROOT_CLASS = YES_ERROR;
				CLANG_WARN_UNREACHABLE_CODE = YES;
				CLANG_WARN__DUPLICATE_METHOD_MATCH = YES;
				"CODE_SIGN_IDENTITY[sdk=iphoneos*]" = "iPhone Developer";
				COPY_PHASE_STRIP = NO;
				DEBUG_INFORMATION_FORMAT = "dwarf-with-dsym";
				ENABLE_NS_ASSERTIONS = NO;
				ENABLE_STRICT_OBJC_MSGSEND = YES;
				GCC_C_LANGUAGE_STANDARD = gnu99;
				GCC_NO_COMMON_BLOCKS = YES;
				GCC_WARN_64_TO_32_BIT_CONVERSION = YES;
				GCC_WARN_ABOUT_RETURN_TYPE = YES_ERROR;
				GCC_WARN_UNDECLARED_SELECTOR = YES;
				GCC_WARN_UNINITIALIZED_AUTOS = YES_AGGRESSIVE;
				GCC_WARN_UNUSED_FUNCTION = YES;
				GCC_WARN_UNUSED_VARIABLE = YES;
				IPHONEOS_DEPLOYMENT_TARGET = 9.0;
				MTL_ENABLE_DEBUG_INFO = NO;
				SDKROOT = iphoneos;
				TARGETED_DEVICE_FAMILY = "1,2";
				VALIDATE_PRODUCT = YES;
			};
			name = Release;
		};
		63D95E671BD4CB0F00CD83AF /* Debug */ = {
			isa = XCBuildConfiguration;
			buildSettings = {
				ASSETCATALOG_COMPILER_APPICON_NAME = AppIcon;
				CODE_SIGN_IDENTITY = "iPhone Developer";
				INFOPLIST_FILE = ToDoList_programatically/Info.plist;
				LD_RUNPATH_SEARCH_PATHS = "$(inherited) @executable_path/Frameworks";
				PRODUCT_BUNDLE_IDENTIFIER = "edu.nju.checky.ToDoList-programatically";
				PRODUCT_NAME = "$(TARGET_NAME)";
			};
			name = Debug;
		};
		63D95E681BD4CB0F00CD83AF /* Release */ = {
			isa = XCBuildConfiguration;
			buildSettings = {
				ASSETCATALOG_COMPILER_APPICON_NAME = AppIcon;
				CODE_SIGN_IDENTITY = "iPhone Developer";
				INFOPLIST_FILE = ToDoList_programatically/Info.plist;
				LD_RUNPATH_SEARCH_PATHS = "$(inherited) @executable_path/Frameworks";
				PRODUCT_BUNDLE_IDENTIFIER = "edu.nju.checky.ToDoList-programatically";
				PRODUCT_NAME = "$(TARGET_NAME)";
			};
			name = Release;
		};
/* End XCBuildConfiguration section */

/* Begin XCConfigurationList section */
		63D95E4A1BD4CB0F00CD83AF /* Build configuration list for PBXProject "ToDoList_programatically" */ = {
			isa = XCConfigurationList;
			buildConfigurations = (
				63D95E641BD4CB0F00CD83AF /* Debug */,
				63D95E651BD4CB0F00CD83AF /* Release */,
			);
			defaultConfigurationIsVisible = 0;
			defaultConfigurationName = Release;
		};
		63D95E661BD4CB0F00CD83AF /* Build configuration list for PBXNativeTarget "ToDoList_programatically" */ = {
			isa = XCConfigurationList;
			buildConfigurations = (
				63D95E671BD4CB0F00CD83AF /* Debug */,
				63D95E681BD4CB0F00CD83AF /* Release */,
			);
			defaultConfigurationIsVisible = 0;
			defaultConfigurationName = Release;
		};
/* End XCConfigurationList section */
	};
	rootObject = 63D95E471BD4CB0F00CD83AF /* Project object */;
}
